
Microsoft Visual Studio Solution File, Format Version 11.00
# Visual Studio 2010
Project("{8BC9CEB8-8B4A-11D0-8D11-00A0C91BC942}") = "Exercise5_1", "Exercise5_1\Exercise5_1.vcxproj", "{FF217821-95C6-41FD-8530-AFF7A5A003C9}"
EndProject
Global
	GlobalSection(SolutionConfigurationPlatforms) = preSolution
		Debug|Win32 = Debug|Win32
		Release|Win32 = Release|Win32
	EndGlobalSection
	GlobalSection(ProjectConfigurationPlatforms) = postSolution
		{FF217821-95C6-41FD-8530-AFF7A5A003C9}.Debug|Win32.ActiveCfg = Debug|Win32
		{FF217821-95C6-41FD-8530-AFF7A5A003C9}.Debug|Win32.Build.0 = Debug|Win32
		{FF217821-95C6-41FD-8530-AFF7A5A003C9}.Release|Win32.ActiveCfg = Release|Win32
		{FF217821-95C6-41FD-8530-AFF7A5A003C9}.Release|Win32.Build.0 = Release|Win32
	EndGlobalSection
	GlobalSection(SolutionProperties) = preSolution
		HideSolutionNode = FALSE
	EndGlobalSection
EndGlobal
