
Microsoft Visual Studio Solution File, Format Version 11.00
# Visual Studio 2010
Project("{8BC9CEB8-8B4A-11D0-8D11-00A0C91BC942}") = "Practice3-3", "Practice3-3\Practice3-3.vcxproj", "{EAB23948-FA7C-46A6-8182-34C4D77CDEB6}"
EndProject
Global
	GlobalSection(SolutionConfigurationPlatforms) = preSolution
		Debug|Win32 = Debug|Win32
		Release|Win32 = Release|Win32
	EndGlobalSection
	GlobalSection(ProjectConfigurationPlatforms) = postSolution
		{EAB23948-FA7C-46A6-8182-34C4D77CDEB6}.Debug|Win32.ActiveCfg = Debug|Win32
		{EAB23948-FA7C-46A6-8182-34C4D77CDEB6}.Debug|Win32.Build.0 = Debug|Win32
		{EAB23948-FA7C-46A6-8182-34C4D77CDEB6}.Release|Win32.ActiveCfg = Release|Win32
		{EAB23948-FA7C-46A6-8182-34C4D77CDEB6}.Release|Win32.Build.0 = Release|Win32
	EndGlobalSection
	GlobalSection(SolutionProperties) = preSolution
		HideSolutionNode = FALSE
	EndGlobalSection
EndGlobal
