
Microsoft Visual Studio Solution File, Format Version 11.00
# Visual Studio 2010
Project("{8BC9CEB8-8B4A-11D0-8D11-00A0C91BC942}") = "Practice4_2", "Practice4_2\Practice4_2.vcxproj", "{BA4B5BE1-FB32-4970-AAD8-F3DC71BB2DEB}"
EndProject
Global
	GlobalSection(SolutionConfigurationPlatforms) = preSolution
		Debug|Win32 = Debug|Win32
		Release|Win32 = Release|Win32
	EndGlobalSection
	GlobalSection(ProjectConfigurationPlatforms) = postSolution
		{BA4B5BE1-FB32-4970-AAD8-F3DC71BB2DEB}.Debug|Win32.ActiveCfg = Debug|Win32
		{BA4B5BE1-FB32-4970-AAD8-F3DC71BB2DEB}.Debug|Win32.Build.0 = Debug|Win32
		{BA4B5BE1-FB32-4970-AAD8-F3DC71BB2DEB}.Release|Win32.ActiveCfg = Release|Win32
		{BA4B5BE1-FB32-4970-AAD8-F3DC71BB2DEB}.Release|Win32.Build.0 = Release|Win32
	EndGlobalSection
	GlobalSection(SolutionProperties) = preSolution
		HideSolutionNode = FALSE
	EndGlobalSection
EndGlobal
